
Microsoft Visual Studio Solution File, Format Version 12.00
# Visual Studio Version 16
VisualStudioVersion = 16.0.31424.327
MinimumVisualStudioVersion = 10.0.40219.1
Project("{2150E333-8FDC-42A3-9474-1A3956D46DE8}") = "Services", "Services", "{2A4C153C-0C45-4FCC-BBFF-49C286EF8908}"
EndProject
Project("{2150E333-8FDC-42A3-9474-1A3956D46DE8}") = "Catalog", "Catalog", "{22EAB0AF-DCE2-44F7-A42B-171D20200895}"
EndProject
Project("{FAE04EC0-301F-11D3-BF4B-00C04F79EFBC}") = "Catalog.API", "Services\Catalog\Catalog.API\Catalog.API.csproj", "{586ACD5D-2C9A-4614-9ADA-00268F01782B}"
EndProject
Global
	GlobalSection(SolutionConfigurationPlatforms) = preSolution
		Debug|Any CPU = Debug|Any CPU
		Release|Any CPU = Release|Any CPU
	EndGlobalSection
	GlobalSection(ProjectConfigurationPlatforms) = postSolution
		{586ACD5D-2C9A-4614-9ADA-00268F01782B}.Debug|Any CPU.ActiveCfg = Debug|Any CPU
		{586ACD5D-2C9A-4614-9ADA-00268F01782B}.Debug|Any CPU.Build.0 = Debug|Any CPU
		{586ACD5D-2C9A-4614-9ADA-00268F01782B}.Release|Any CPU.ActiveCfg = Release|Any CPU
		{586ACD5D-2C9A-4614-9ADA-00268F01782B}.Release|Any CPU.Build.0 = Release|Any CPU
	EndGlobalSection
	GlobalSection(SolutionProperties) = preSolution
		HideSolutionNode = FALSE
	EndGlobalSection
	GlobalSection(NestedProjects) = preSolution
		{22EAB0AF-DCE2-44F7-A42B-171D20200895} = {2A4C153C-0C45-4FCC-BBFF-49C286EF8908}
		{586ACD5D-2C9A-4614-9ADA-00268F01782B} = {22EAB0AF-DCE2-44F7-A42B-171D20200895}
	EndGlobalSection
	GlobalSection(ExtensibilityGlobals) = postSolution
		SolutionGuid = {C0668221-4A2D-475D-AB14-2035C584EEEC}
	EndGlobalSection
EndGlobal
